
Microsoft Visual Studio Solution File, Format Version 12.00
# Visual Studio Version 17
VisualStudioVersion = 17.13.35931.197 d17.13
MinimumVisualStudioVersion = 10.0.40219.1
Project("{FAE04EC0-301F-11D3-BF4B-00C04F79EFBC}") = "Contact", "Contact\Contact.csproj", "{C9E31F2F-6E1F-47A5-92AF-4FD1DE1A588C}"
EndProject
Global
	GlobalSection(SolutionConfigurationPlatforms) = preSolution
		Debug|Any CPU = Debug|Any CPU
		Release|Any CPU = Release|Any CPU
	EndGlobalSection
	GlobalSection(ProjectConfigurationPlatforms) = postSolution
		{C9E31F2F-6E1F-47A5-92AF-4FD1DE1A588C}.Debug|Any CPU.ActiveCfg = Debug|Any CPU
		{C9E31F2F-6E1F-47A5-92AF-4FD1DE1A588C}.Debug|Any CPU.Build.0 = Debug|Any CPU
		{C9E31F2F-6E1F-47A5-92AF-4FD1DE1A588C}.Release|Any CPU.ActiveCfg = Release|Any CPU
		{C9E31F2F-6E1F-47A5-92AF-4FD1DE1A588C}.Release|Any CPU.Build.0 = Release|Any CPU
	EndGlobalSection
	GlobalSection(SolutionProperties) = preSolution
		HideSolutionNode = FALSE
	EndGlobalSection
	GlobalSection(ExtensibilityGlobals) = postSolution
		SolutionGuid = {EAEB3B8D-CBEA-410A-8E29-9E88A42CECA4}
	EndGlobalSection
EndGlobal
